
Microsoft Visual Studio Solution File, Format Version 12.00
# Visual Studio Version 17
VisualStudioVersion = 17.1.32210.238
MinimumVisualStudioVersion = 10.0.40219.1
Project("{FAE04EC0-301F-11D3-BF4B-00C04F79EFBC}") = "CopycatCalculator", "CopycatCalculator.csproj", "{7D501A4A-FBFD-40FF-8083-F18A38BEC443}"
EndProject
Global
	GlobalSection(SolutionConfigurationPlatforms) = preSolution
		Debug|Any CPU = Debug|Any CPU
		Release|Any CPU = Release|Any CPU
	EndGlobalSection
	GlobalSection(ProjectConfigurationPlatforms) = postSolution
		{7D501A4A-FBFD-40FF-8083-F18A38BEC443}.Debug|Any CPU.ActiveCfg = Debug|Any CPU
		{7D501A4A-FBFD-40FF-8083-F18A38BEC443}.Debug|Any CPU.Build.0 = Debug|Any CPU
		{7D501A4A-FBFD-40FF-8083-F18A38BEC443}.Release|Any CPU.ActiveCfg = Release|Any CPU
		{7D501A4A-FBFD-40FF-8083-F18A38BEC443}.Release|Any CPU.Build.0 = Release|Any CPU
	EndGlobalSection
	GlobalSection(SolutionProperties) = preSolution
		HideSolutionNode = FALSE
	EndGlobalSection
	GlobalSection(ExtensibilityGlobals) = postSolution
		SolutionGuid = {7BC916AA-326C-4897-84B3-CB0F23FA9973}
	EndGlobalSection
EndGlobal
